lockfileVersion: '9.0'

settings:
  autoInstallPeers: true
  excludeLinksFromLockfile: false

importers:

  .:
    dependencies:
      zone.js:
        specifier: ^0.16.1
        version: 0.16.1

packages:

  zone.js@0.16.1:
    resolution: {integrity: sha512-dpvY17vxYIW3+bNrP0ClUlaiY0CiIRK3tnoLaGoQsQcY9/I/NpzIWQ7tQNhbV7LacQMpCII6wVzuL3tuWOyfuA==}

snapshots:

  zone.js@0.16.1: {}
